// !$*UTF8*$!
{
	archiveVersion = 1;
	classes = {
	};
	objectVersion = 46;
	objects = {

/* Begin PBXBuildFile section */
		76089CD718E27189004FC1AB /* MainStoryboard.storyboard in Resources */ = {isa = PBXBuildFile; fileRef = 76089CD618E27189004FC1AB /* MainStoryboard.storyboard */; };
		76089CDA18E27A46004FC1AB /* NewsViewController.m in Sources */ = {isa = PBXBuildFile; fileRef = 76089CD918E27A46004FC1AB /* NewsViewController.m */; };
		7610D75F18FA4C090089912C /* BebasNeue_Book.otf in Resources */ = {isa = PBXBuildFile; fileRef = 7610D75B18FA4C090089912C /* BebasNeue_Book.otf */; };
		7610D76018FA4C090089912C /* BebasNeue_Light.otf in Resources */ = {isa = PBXBuildFile; fileRef = 7610D75C18FA4C090089912C /* BebasNeue_Light.otf */; };
		7610D76118FA4C090089912C /* BebasNeue_Regular.otf in Resources */ = {isa = PBXBuildFile; fileRef = 7610D75D18FA4C090089912C /* BebasNeue_Regular.otf */; };
		7610D76218FA4C090089912C /* BebasNeue_Thin.otf in Resources */ = {isa = PBXBuildFile; fileRef = 7610D75E18FA4C090089912C /* BebasNeue_Thin.otf */; };
		7610D76618FA8B470089912C /* RSSFeed.m in Sources */ = {isa = PBXBuildFile; fileRef = 7610D76518FA8B470089912C /* RSSFeed.m */; };
		7620935918EC31F100C45787 /* UICustomLabel.m in Sources */ = {isa = PBXBuildFile; fileRef = 7620935818EC31F100C45787 /* UICustomLabel.m */; };
		7620935D18EC375300C45787 /* NewsStory.m in Sources */ = {isa = PBXBuildFile; fileRef = 7620935C18EC375300C45787 /* NewsStory.m */; };
		7634A8C518E792C8006D5180 /* ArticleViewController.m in Sources */ = {isa = PBXBuildFile; fileRef = 7634A8C418E792C8006D5180 /* ArticleViewController.m */; };
		7634A8CB18E7BCC2006D5180 /* TBXML.m in Sources */ = {isa = PBXBuildFile; fileRef = 7634A8CA18E7BCC2006D5180 /* TBXML.m */; };
		763E2AC91908116E00754EF3 /* SocialWebViewController.m in Sources */ = {isa = PBXBuildFile; fileRef = 763E2AC81908116E00754EF3 /* SocialWebViewController.m */; };
		765B2C3918F41AB1007792FF /* DetailsOfEventViewController.m in Sources */ = {isa = PBXBuildFile; fileRef = 765B2C3818F41AB1007792FF /* DetailsOfEventViewController.m */; };
		769C1B20182DEEEC0025E1CB /* Foundation.framework in Frameworks */ = {isa = PBXBuildFile; fileRef = 769C1B1F182DEEEC0025E1CB /* Foundation.framework */; };
		769C1B24182DEEEC0025E1CB /* UIKit.framework in Frameworks */ = {isa = PBXBuildFile; fileRef = 769C1B23182DEEEC0025E1CB /* UIKit.framework */; };
		769C1B2A182DEEEC0025E1CB /* InfoPlist.strings in Resources */ = {isa = PBXBuildFile; fileRef = 769C1B28182DEEEC0025E1CB /* InfoPlist.strings */; };
		769C1B2C182DEEEC0025E1CB /* main.m in Sources */ = {isa = PBXBuildFile; fileRef = 769C1B2B182DEEEC0025E1CB /* main.m */; };
		769C1B30182DEEEC0025E1CB /* AppDelegate.m in Sources */ = {isa = PBXBuildFile; fileRef = 769C1B2F182DEEEC0025E1CB /* AppDelegate.m */; };
		769C1B32182DEEEC0025E1CB /* Images.xcassets in Resources */ = {isa = PBXBuildFile; fileRef = 769C1B31182DEEEC0025E1CB /* Images.xcassets */; };
		769C1B3A182DEEEC0025E1CB /* Foundation.framework in Frameworks */ = {isa = PBXBuildFile; fileRef = 769C1B1F182DEEEC0025E1CB /* Foundation.framework */; };
		769C1B3B182DEEEC0025E1CB /* UIKit.framework in Frameworks */ = {isa = PBXBuildFile; fileRef = 769C1B23182DEEEC0025E1CB /* UIKit.framework */; };
		769C1B43182DEEEC0025E1CB /* InfoPlist.strings in Resources */ = {isa = PBXBuildFile; fileRef = 769C1B41182DEEEC0025E1CB /* InfoPlist.strings */; };
		769C1B45182DEEEC0025E1CB /* St_Kilda_AppTests.m in Sources */ = {isa = PBXBuildFile; fileRef = 769C1B44182DEEEC0025E1CB /* St_Kilda_AppTests.m */; };
		76A930E718F2CBF400110F74 /* EventsHeaderView.m in Sources */ = {isa = PBXBuildFile; fileRef = 76A930E618F2CBF400110F74 /* EventsHeaderView.m */; };
		76AD05DA18E7F761005AB008 /* ArticleCell.m in Sources */ = {isa = PBXBuildFile; fileRef = 76AD05D918E7F761005AB008 /* ArticleCell.m */; };
		76AD05DD18E820C6005AB008 /* NSString+HTML.m in Sources */ = {isa = PBXBuildFile; fileRef = 76AD05DC18E820C6005AB008 /* NSString+HTML.m */; };
		76AD05E218E821E0005AB008 /* GTMNSString+HTML.m in Sources */ = {isa = PBXBuildFile; fileRef = 76AD05E118E821E0005AB008 /* GTMNSString+HTML.m */; };
		76AD05E618E825BA005AB008 /* UIImageView+WebCache.m in Sources */ = {isa = PBXBuildFile; fileRef = 76AD05E518E825BA005AB008 /* UIImageView+WebCache.m */; };
		76AD060218E82604005AB008 /* MKAnnotationView+WebCache.m in Sources */ = {isa = PBXBuildFile; fileRef = 76AD05E818E82603005AB008 /* MKAnnotationView+WebCache.m */; };
		76AD060318E82604005AB008 /* NSData+ImageContentType.m in Sources */ = {isa = PBXBuildFile; fileRef = 76AD05EA18E82604005AB008 /* NSData+ImageContentType.m */; };
		76AD060418E82604005AB008 /* SDImageCache.m in Sources */ = {isa = PBXBuildFile; fileRef = 76AD05EC18E82604005AB008 /* SDImageCache.m */; };
		76AD060518E82604005AB008 /* SDWebImageCompat.m in Sources */ = {isa = PBXBuildFile; fileRef = 76AD05EE18E82604005AB008 /* SDWebImageCompat.m */; };
		76AD060618E82604005AB008 /* SDWebImageDecoder.m in Sources */ = {isa = PBXBuildFile; fileRef = 76AD05F018E82604005AB008 /* SDWebImageDecoder.m */; };
		76AD060718E82604005AB008 /* SDWebImageDownloader.m in Sources */ = {isa = PBXBuildFile; fileRef = 76AD05F218E82604005AB008 /* SDWebImageDownloader.m */; };
		76AD060818E82604005AB008 /* SDWebImageDownloaderOperation.m in Sources */ = {isa = PBXBuildFile; fileRef = 76AD05F418E82604005AB008 /* SDWebImageDownloaderOperation.m */; };
		76AD060918E82604005AB008 /* SDWebImageManager.m in Sources */ = {isa = PBXBuildFile; fileRef = 76AD05F618E82604005AB008 /* SDWebImageManager.m */; };
		76AD060A18E82604005AB008 /* SDWebImagePrefetcher.m in Sources */ = {isa = PBXBuildFile; fileRef = 76AD05F918E82604005AB008 /* SDWebImagePrefetcher.m */; };
		76AD060B18E82604005AB008 /* UIButton+WebCache.m in Sources */ = {isa = PBXBuildFile; fileRef = 76AD05FB18E82604005AB008 /* UIButton+WebCache.m */; };
		76AD060C18E82604005AB008 /* UIImage+GIF.m in Sources */ = {isa = PBXBuildFile; fileRef = 76AD05FD18E82604005AB008 /* UIImage+GIF.m */; };
		76AD060D18E82604005AB008 /* UIImage+MultiFormat.m in Sources */ = {isa = PBXBuildFile; fileRef = 76AD05FF18E82604005AB008 /* UIImage+MultiFormat.m */; };
		76AD060E18E82604005AB008 /* UIImage+WebP.m in Sources */ = {isa = PBXBuildFile; fileRef = 76AD060118E82604005AB008 /* UIImage+WebP.m */; };
		76B613D118EFF317001D8592 /* DealsViewController.m in Sources */ = {isa = PBXBuildFile; fileRef = 76B613D018EFF317001D8592 /* DealsViewController.m */; };
		76B613D618F19556001D8592 /* CoreGraphics.framework in Frameworks */ = {isa = PBXBuildFile; fileRef = 769C1B21182DEEEC0025E1CB /* CoreGraphics.framework */; };
		76B613D718F1955B001D8592 /* CoreGraphics.framework in Frameworks */ = {isa = PBXBuildFile; fileRef = 769C1B21182DEEEC0025E1CB /* CoreGraphics.framework */; };
		76CB8E4618F2E24800B0BD05 /* Event.m in Sources */ = {isa = PBXBuildFile; fileRef = 76CB8E4518F2E24800B0BD05 /* Event.m */; };
		76CD201D1909D85000B37925 /* BookingViewController.m in Sources */ = {isa = PBXBuildFile; fileRef = 76CD201C1909D85000B37925 /* BookingViewController.m */; };
		76EAE9FF19013D2500E8CBEF /* MapKit.framework in Frameworks */ = {isa = PBXBuildFile; fileRef = 76EAE9FE19013D2500E8CBEF /* MapKit.framework */; };
		76EAEA021902379000E8CBEF /* Deals.m in Sources */ = {isa = PBXBuildFile; fileRef = 76EAEA011902379000E8CBEF /* Deals.m */; };
		76EAEA0819023C4800E8CBEF /* DealCell.m in Sources */ = {isa = PBXBuildFile; fileRef = 76EAEA0719023C4800E8CBEF /* DealCell.m */; };
		76EAEA0B1902466600E8CBEF /* DealDetailsViewController.m in Sources */ = {isa = PBXBuildFile; fileRef = 76EAEA0A1902466600E8CBEF /* DealDetailsViewController.m */; };
		76EAEA0D1902899500E8CBEF /* BebasNeue Bold.otf in Resources */ = {isa = PBXBuildFile; fileRef = 76EAEA0C1902899500E8CBEF /* BebasNeue Bold.otf */; };
		76F0E07A18E98FA10087FFA5 /* EventsFeedViewController.m in Sources */ = {isa = PBXBuildFile; fileRef = 76F0E07918E98FA10087FFA5 /* EventsFeedViewController.m */; };
		76F0E07E18E990690087FFA5 /* InfoViewController.m in Sources */ = {isa = PBXBuildFile; fileRef = 76F0E07D18E990690087FFA5 /* InfoViewController.m */; };
		76F0E08218E9A8440087FFA5 /* UIImage+ProportionalFill.m in Sources */ = {isa = PBXBuildFile; fileRef = 76F0E08118E9A8440087FFA5 /* UIImage+ProportionalFill.m */; };
/* End PBXBuildFile section */

/* Begin PBXContainerItemProxy section */
		769C1B3C182DEEEC0025E1CB /* PBXContainerItemProxy */ = {
			isa = PBXContainerItemProxy;
			containerPortal = 769C1B14182DEEEC0025E1CB /* Project object */;
			proxyType = 1;
			remoteGlobalIDString = 769C1B1B182DEEEC0025E1CB;
			remoteInfo = "St Kilda App";
		};
/* End PBXContainerItemProxy section */

/* Begin PBXFileReference section */
		76089CD618E27189004FC1AB /* MainStoryboard.storyboard */ = {isa = PBXFileReference; fileEncoding = 4; lastKnownFileType = file.storyboard; path = MainStoryboard.storyboard; sourceTree = "<group>"; };
		76089CD818E27A46004FC1AB /* NewsViewController.h */ = {isa = PBXFileReference; fileEncoding = 4; lastKnownFileType = sourcecode.c.h; path = NewsViewController.h; sourceTree = "<group>"; };
		76089CD918E27A46004FC1AB /* NewsViewController.m */ = {isa = PBXFileReference; fileEncoding = 4; lastKnownFileType = sourcecode.c.objc; path = NewsViewController.m; sourceTree = "<group>"; };
		7610D75B18FA4C090089912C /* BebasNeue_Book.otf */ = {isa = PBXFileReference; lastKnownFileType = file; path = BebasNeue_Book.otf; sourceTree = "<group>"; };
		7610D75C18FA4C090089912C /* BebasNeue_Light.otf */ = {isa = PBXFileReference; lastKnownFileType = file; path = BebasNeue_Light.otf; sourceTree = "<group>"; };
		7610D75D18FA4C090089912C /* BebasNeue_Regular.otf */ = {isa = PBXFileReference; lastKnownFileType = file; path = BebasNeue_Regular.otf; sourceTree = "<group>"; };
		7610D75E18FA4C090089912C /* BebasNeue_Thin.otf */ = {isa = PBXFileReference; lastKnownFileType = file; path = BebasNeue_Thin.otf; sourceTree = "<group>"; };
		7610D76418FA8B470089912C /* RSSFeed.h */ = {isa = PBXFileReference; fileEncoding = 4; lastKnownFileType = sourcecode.c.h; path = RSSFeed.h; sourceTree = "<group>"; };
		7610D76518FA8B470089912C /* RSSFeed.m */ = {isa = PBXFileReference; fileEncoding = 4; lastKnownFileType = sourcecode.c.objc; path = RSSFeed.m; sourceTree = "<group>"; };
		7620935718EC31F100C45787 /* UICustomLabel.h */ = {isa = PBXFileReference; fileEncoding = 4; lastKnownFileType = sourcecode.c.h; path = UICustomLabel.h; sourceTree = "<group>"; };
		7620935818EC31F100C45787 /* UICustomLabel.m */ = {isa = PBXFileReference; fileEncoding = 4; lastKnownFileType = sourcecode.c.objc; path = UICustomLabel.m; sourceTree = "<group>"; };
		7620935B18EC375300C45787 /* NewsStory.h */ = {isa = PBXFileReference; fileEncoding = 4; lastKnownFileType = sourcecode.c.h; path = NewsStory.h; sourceTree = "<group>"; };
		7620935C18EC375300C45787 /* NewsStory.m */ = {isa = PBXFileReference; fileEncoding = 4; lastKnownFileType = sourcecode.c.objc; path = NewsStory.m; sourceTree = "<group>"; };
		7634A8C318E792C8006D5180 /* ArticleViewController.h */ = {isa = PBXFileReference; fileEncoding = 4; lastKnownFileType = sourcecode.c.h; path = ArticleViewController.h; sourceTree = "<group>"; };
		7634A8C418E792C8006D5180 /* ArticleViewController.m */ = {isa = PBXFileReference; fileEncoding = 4; lastKnownFileType = sourcecode.c.objc; path = ArticleViewController.m; sourceTree = "<group>"; };
		7634A8C818E7BC4C006D5180 /* TBXML.h */ = {isa = PBXFileReference; fileEncoding = 4; lastKnownFileType = sourcecode.c.h; path = TBXML.h; sourceTree = "<group>"; };
		7634A8CA18E7BCC2006D5180 /* TBXML.m */ = {isa = PBXFileReference; fileEncoding = 4; lastKnownFileType = sourcecode.c.objc; path = TBXML.m; sourceTree = "<group>"; };
		763E2AC71908116E00754EF3 /* SocialWebViewController.h */ = {isa = PBXFileReference; fileEncoding = 4; lastKnownFileType = sourcecode.c.h; path = SocialWebViewController.h; sourceTree = "<group>"; };
		763E2AC81908116E00754EF3 /* SocialWebViewController.m */ = {isa = PBXFileReference; fileEncoding = 4; lastKnownFileType = sourcecode.c.objc; path = SocialWebViewController.m; sourceTree = "<group>"; };
		765B2C3718F41AB1007792FF /* DetailsOfEventViewController.h */ = {isa = PBXFileReference; fileEncoding = 4; lastKnownFileType = sourcecode.c.h; path = DetailsOfEventViewController.h; sourceTree = "<group>"; };
		765B2C3818F41AB1007792FF /* DetailsOfEventViewController.m */ = {isa = PBXFileReference; fileEncoding = 4; lastKnownFileType = sourcecode.c.objc; path = DetailsOfEventViewController.m; sourceTree = "<group>"; };
		769C1B1C182DEEEC0025E1CB /* St Kilda.app */ = {isa = PBXFileReference; explicitFileType = wrapper.application; includeInIndex = 0; path = "St Kilda.app"; sourceTree = BUILT_PRODUCTS_DIR; };
		769C1B1F182DEEEC0025E1CB /* Foundation.framework */ = {isa = PBXFileReference; lastKnownFileType = wrapper.framework; name = Foundation.framework; path = System/Library/Frameworks/Foundation.framework; sourceTree = SDKROOT; };
		769C1B21182DEEEC0025E1CB /* CoreGraphics.framework */ = {isa = PBXFileReference; lastKnownFileType = wrapper.framework; name = CoreGraphics.framework; path = System/Library/Frameworks/CoreGraphics.framework; sourceTree = SDKROOT; };
		769C1B23182DEEEC0025E1CB /* UIKit.framework */ = {isa = PBXFileReference; lastKnownFileType = wrapper.framework; name = UIKit.framework; path = System/Library/Frameworks/UIKit.framework; sourceTree = SDKROOT; };
		769C1B27182DEEEC0025E1CB /* St Kilda-Info.plist */ = {isa = PBXFileReference; lastKnownFileType = text.plist.xml; path = "St Kilda-Info.plist"; sourceTree = "<group>"; };
		769C1B29182DEEEC0025E1CB /* en */ = {isa = PBXFileReference; lastKnownFileType = text.plist.strings; name = en; path = en.lproj/InfoPlist.strings; sourceTree = "<group>"; };
		769C1B2B182DEEEC0025E1CB /* main.m */ = {isa = PBXFileReference; lastKnownFileType = sourcecode.c.objc; path = main.m; sourceTree = "<group>"; };
		769C1B2D182DEEEC0025E1CB /* St Kilda-Prefix.pch */ = {isa = PBXFileReference; lastKnownFileType = sourcecode.c.h; path = "St Kilda-Prefix.pch"; sourceTree = "<group>"; };
		769C1B2E182DEEEC0025E1CB /* AppDelegate.h */ = {isa = PBXFileReference; lastKnownFileType = sourcecode.c.h; path = AppDelegate.h; sourceTree = "<group>"; };
		769C1B2F182DEEEC0025E1CB /* AppDelegate.m */ = {isa = PBXFileReference; lastKnownFileType = sourcecode.c.objc; path = AppDelegate.m; sourceTree = "<group>"; };
		769C1B31182DEEEC0025E1CB /* Images.xcassets */ = {isa = PBXFileReference; lastKnownFileType = folder.assetcatalog; path = Images.xcassets; sourceTree = "<group>"; };
		769C1B37182DEEEC0025E1CB /* St KildaTests.xctest */ = {isa = PBXFileReference; explicitFileType = wrapper.cfbundle; includeInIndex = 0; path = "St KildaTests.xctest"; sourceTree = BUILT_PRODUCTS_DIR; };
		769C1B40182DEEEC0025E1CB /* St KildaTests-Info.plist */ = {isa = PBXFileReference; lastKnownFileType = text.plist.xml; path = "St KildaTests-Info.plist"; sourceTree = "<group>"; };
		769C1B42182DEEEC0025E1CB /* en */ = {isa = PBXFileReference; lastKnownFileType = text.plist.strings; name = en; path = en.lproj/InfoPlist.strings; sourceTree = "<group>"; };
		769C1B44182DEEEC0025E1CB /* St_Kilda_AppTests.m */ = {isa = PBXFileReference; lastKnownFileType = sourcecode.c.objc; path = St_Kilda_AppTests.m; sourceTree = "<group>"; };
		76A930E518F2CBF400110F74 /* EventsHeaderView.h */ = {isa = PBXFileReference; fileEncoding = 4; lastKnownFileType = sourcecode.c.h; path = EventsHeaderView.h; sourceTree = "<group>"; };
		76A930E618F2CBF400110F74 /* EventsHeaderView.m */ = {isa = PBXFileReference; fileEncoding = 4; lastKnownFileType = sourcecode.c.objc; path = EventsHeaderView.m; sourceTree = "<group>"; };
		76AD05D818E7F761005AB008 /* ArticleCell.h */ = {isa = PBXFileReference; fileEncoding = 4; lastKnownFileType = sourcecode.c.h; path = ArticleCell.h; sourceTree = "<group>"; };
		76AD05D918E7F761005AB008 /* ArticleCell.m */ = {isa = PBXFileReference; fileEncoding = 4; lastKnownFileType = sourcecode.c.objc; path = ArticleCell.m; sourceTree = "<group>"; };
		76AD05DB18E820C6005AB008 /* NSString+HTML.h */ = {isa = PBXFileReference; fileEncoding = 4; lastKnownFileType = sourcecode.c.h; path = "NSString+HTML.h"; sourceTree = "<group>"; };
		76AD05DC18E820C6005AB008 /* NSString+HTML.m */ = {isa = PBXFileReference; fileEncoding = 4; lastKnownFileType = sourcecode.c.objc; path = "NSString+HTML.m"; sourceTree = "<group>"; };
		76AD05E018E821E0005AB008 /* GTMNSString+HTML.h */ = {isa = PBXFileReference; fileEncoding = 4; lastKnownFileType = sourcecode.c.h; path = "GTMNSString+HTML.h"; sourceTree = "<group>"; };
		76AD05E118E821E0005AB008 /* GTMNSString+HTML.m */ = {isa = PBXFileReference; fileEncoding = 4; lastKnownFileType = sourcecode.c.objc; path = "GTMNSString+HTML.m"; sourceTree = "<group>"; };
		76AD05E418E825BA005AB008 /* UIImageView+WebCache.h */ = {isa = PBXFileReference; fileEncoding = 4; lastKnownFileType = sourcecode.c.h; path = "UIImageView+WebCache.h"; sourceTree = "<group>"; };
		76AD05E518E825BA005AB008 /* UIImageView+WebCache.m */ = {isa = PBXFileReference; fileEncoding = 4; lastKnownFileType = sourcecode.c.objc; path = "UIImageView+WebCache.m"; sourceTree = "<group>"; };
		76AD05E718E82603005AB008 /* MKAnnotationView+WebCache.h */ = {isa = PBXFileReference; fileEncoding = 4; lastKnownFileType = sourcecode.c.h; path = "MKAnnotationView+WebCache.h"; sourceTree = "<group>"; };
		76AD05E818E82603005AB008 /* MKAnnotationView+WebCache.m */ = {isa = PBXFileReference; fileEncoding = 4; lastKnownFileType = sourcecode.c.objc; path = "MKAnnotationView+WebCache.m"; sourceTree = "<group>"; };
		76AD05E918E82604005AB008 /* NSData+ImageContentType.h */ = {isa = PBXFileReference; fileEncoding = 4; lastKnownFileType = sourcecode.c.h; path = "NSData+ImageContentType.h"; sourceTree = "<group>"; };
		76AD05EA18E82604005AB008 /* NSData+ImageContentType.m */ = {isa = PBXFileReference; fileEncoding = 4; lastKnownFileType = sourcecode.c.objc; path = "NSData+ImageContentType.m"; sourceTree = "<group>"; };
		76AD05EB18E82604005AB008 /* SDImageCache.h */ = {isa = PBXFileReference; fileEncoding = 4; lastKnownFileType = sourcecode.c.h; path = SDImageCache.h; sourceTree = "<group>"; };
		76AD05EC18E82604005AB008 /* SDImageCache.m */ = {isa = PBXFileReference; fileEncoding = 4; lastKnownFileType = sourcecode.c.objc; path = SDImageCache.m; sourceTree = "<group>"; };
		76AD05ED18E82604005AB008 /* SDWebImageCompat.h */ = {isa = PBXFileReference; fileEncoding = 4; lastKnownFileType = sourcecode.c.h; path = SDWebImageCompat.h; sourceTree = "<group>"; };
		76AD05EE18E82604005AB008 /* SDWebImageCompat.m */ = {isa = PBXFileReference; fileEncoding = 4; lastKnownFileType = sourcecode.c.objc; path = SDWebImageCompat.m; sourceTree = "<group>"; };
		76AD05EF18E82604005AB008 /* SDWebImageDecoder.h */ = {isa = PBXFileReference; fileEncoding = 4; lastKnownFileType = sourcecode.c.h; path = SDWebImageDecoder.h; sourceTree = "<group>"; };
		76AD05F018E82604005AB008 /* SDWebImageDecoder.m */ = {isa = PBXFileReference; fileEncoding = 4; lastKnownFileType = sourcecode.c.objc; path = SDWebImageDecoder.m; sourceTree = "<group>"; };
		76AD05F118E82604005AB008 /* SDWebImageDownloader.h */ = {isa = PBXFileReference; fileEncoding = 4; lastKnownFileType = sourcecode.c.h; path = SDWebImageDownloader.h; sourceTree = "<group>"; };
		76AD05F218E82604005AB008 /* SDWebImageDownloader.m */ = {isa = PBXFileReference; fileEncoding = 4; lastKnownFileType = sourcecode.c.objc; path = SDWebImageDownloader.m; sourceTree = "<group>"; };
		76AD05F318E82604005AB008 /* SDWebImageDownloaderOperation.h */ = {isa = PBXFileReference; fileEncoding = 4; lastKnownFileType = sourcecode.c.h; path = SDWebImageDownloaderOperation.h; sourceTree = "<group>"; };
		76AD05F418E82604005AB008 /* SDWebImageDownloaderOperation.m */ = {isa = PBXFileReference; fileEncoding = 4; lastKnownFileType = sourcecode.c.objc; path = SDWebImageDownloaderOperation.m; sourceTree = "<group>"; };
		76AD05F518E82604005AB008 /* SDWebImageManager.h */ = {isa = PBXFileReference; fileEncoding = 4; lastKnownFileType = sourcecode.c.h; path = SDWebImageManager.h; sourceTree = "<group>"; };
		76AD05F618E82604005AB008 /* SDWebImageManager.m */ = {isa = PBXFileReference; fileEncoding = 4; lastKnownFileType = sourcecode.c.objc; path = SDWebImageManager.m; sourceTree = "<group>"; };
		76AD05F718E82604005AB008 /* SDWebImageOperation.h */ = {isa = PBXFileReference; fileEncoding = 4; lastKnownFileType = sourcecode.c.h; path = SDWebImageOperation.h; sourceTree = "<group>"; };
		76AD05F818E82604005AB008 /* SDWebImagePrefetcher.h */ = {isa = PBXFileReference; fileEncoding = 4; lastKnownFileType = sourcecode.c.h; path = SDWebImagePrefetcher.h; sourceTree = "<group>"; };
		76AD05F918E82604005AB008 /* SDWebImagePrefetcher.m */ = {isa = PBXFileReference; fileEncoding = 4; lastKnownFileType = sourcecode.c.objc; path = SDWebImagePrefetcher.m; sourceTree = "<group>"; };
		76AD05FA18E82604005AB008 /* UIButton+WebCache.h */ = {isa = PBXFileReference; fileEncoding = 4; lastKnownFileType = sourcecode.c.h; path = "UIButton+WebCache.h"; sourceTree = "<group>"; };
		76AD05FB18E82604005AB008 /* UIButton+WebCache.m */ = {isa = PBXFileReference; fileEncoding = 4; lastKnownFileType = sourcecode.c.objc; path = "UIButton+WebCache.m"; sourceTree = "<group>"; };
		76AD05FC18E82604005AB008 /* UIImage+GIF.h */ = {isa = PBXFileReference; fileEncoding = 4; lastKnownFileType = sourcecode.c.h; path = "UIImage+GIF.h"; sourceTree = "<group>"; };
		76AD05FD18E82604005AB008 /* UIImage+GIF.m */ = {isa = PBXFileReference; fileEncoding = 4; lastKnownFileType = sourcecode.c.objc; path = "UIImage+GIF.m"; sourceTree = "<group>"; };
		76AD05FE18E82604005AB008 /* UIImage+MultiFormat.h */ = {isa = PBXFileReference; fileEncoding = 4; lastKnownFileType = sourcecode.c.h; path = "UIImage+MultiFormat.h"; sourceTree = "<group>"; };
		76AD05FF18E82604005AB008 /* UIImage+MultiFormat.m */ = {isa = PBXFileReference; fileEncoding = 4; lastKnownFileType = sourcecode.c.objc; path = "UIImage+MultiFormat.m"; sourceTree = "<group>"; };
		76AD060018E82604005AB008 /* UIImage+WebP.h */ = {isa = PBXFileReference; fileEncoding = 4; lastKnownFileType = sourcecode.c.h; path = "UIImage+WebP.h"; sourceTree = "<group>"; };
		76AD060118E82604005AB008 /* UIImage+WebP.m */ = {isa = PBXFileReference; fileEncoding = 4; lastKnownFileType = sourcecode.c.objc; path = "UIImage+WebP.m"; sourceTree = "<group>"; };
		76B613CF18EFF317001D8592 /* DealsViewController.h */ = {isa = PBXFileReference; fileEncoding = 4; lastKnownFileType = sourcecode.c.h; path = DealsViewController.h; sourceTree = "<group>"; };
		76B613D018EFF317001D8592 /* DealsViewController.m */ = {isa = PBXFileReference; fileEncoding = 4; lastKnownFileType = sourcecode.c.objc; path = DealsViewController.m; sourceTree = "<group>"; };
		76CB8E4418F2E24800B0BD05 /* Event.h */ = {isa = PBXFileReference; fileEncoding = 4; lastKnownFileType = sourcecode.c.h; path = Event.h; sourceTree = "<group>"; };
		76CB8E4518F2E24800B0BD05 /* Event.m */ = {isa = PBXFileReference; fileEncoding = 4; lastKnownFileType = sourcecode.c.objc; path = Event.m; sourceTree = "<group>"; };
		76CD201B1909D85000B37925 /* BookingViewController.h */ = {isa = PBXFileReference; fileEncoding = 4; lastKnownFileType = sourcecode.c.h; path = BookingViewController.h; sourceTree = "<group>"; };
		76CD201C1909D85000B37925 /* BookingViewController.m */ = {isa = PBXFileReference; fileEncoding = 4; lastKnownFileType = sourcecode.c.objc; path = BookingViewController.m; sourceTree = "<group>"; };
		76EAE9FE19013D2500E8CBEF /* MapKit.framework */ = {isa = PBXFileReference; lastKnownFileType = wrapper.framework; name = MapKit.framework; path = System/Library/Frameworks/MapKit.framework; sourceTree = SDKROOT; };
		76EAEA001902379000E8CBEF /* Deals.h */ = {isa = PBXFileReference; fileEncoding = 4; lastKnownFileType = sourcecode.c.h; path = Deals.h; sourceTree = "<group>"; };
		76EAEA011902379000E8CBEF /* Deals.m */ = {isa = PBXFileReference; fileEncoding = 4; lastKnownFileType = sourcecode.c.objc; path = Deals.m; sourceTree = "<group>"; };
		76EAEA0619023C4800E8CBEF /* DealCell.h */ = {isa = PBXFileReference; fileEncoding = 4; lastKnownFileType = sourcecode.c.h; path = DealCell.h; sourceTree = "<group>"; };
		76EAEA0719023C4800E8CBEF /* DealCell.m */ = {isa = PBXFileReference; fileEncoding = 4; lastKnownFileType = sourcecode.c.objc; path = DealCell.m; sourceTree = "<group>"; };
		76EAEA091902466600E8CBEF /* DealDetailsViewController.h */ = {isa = PBXFileReference; fileEncoding = 4; lastKnownFileType = sourcecode.c.h; path = DealDetailsViewController.h; sourceTree = "<group>"; };
		76EAEA0A1902466600E8CBEF /* DealDetailsViewController.m */ = {isa = PBXFileReference; fileEncoding = 4; lastKnownFileType = sourcecode.c.objc; path = DealDetailsViewController.m; sourceTree = "<group>"; };
		76EAEA0C1902899500E8CBEF /* BebasNeue Bold.otf */ = {isa = PBXFileReference; lastKnownFileType = file; path = "BebasNeue Bold.otf"; sourceTree = "<group>"; };
		76F0E07818E98FA10087FFA5 /* EventsFeedViewController.h */ = {isa = PBXFileReference; fileEncoding = 4; lastKnownFileType = sourcecode.c.h; path = EventsFeedViewController.h; sourceTree = "<group>"; };
		76F0E07918E98FA10087FFA5 /* EventsFeedViewController.m */ = {isa = PBXFileReference; fileEncoding = 4; lastKnownFileType = sourcecode.c.objc; path = EventsFeedViewController.m; sourceTree = "<group>"; };
		76F0E07C18E990690087FFA5 /* InfoViewController.h */ = {isa = PBXFileReference; fileEncoding = 4; lastKnownFileType = sourcecode.c.h; path = InfoViewController.h; sourceTree = "<group>"; };
		76F0E07D18E990690087FFA5 /* InfoViewController.m */ = {isa = PBXFileReference; fileEncoding = 4; lastKnownFileType = sourcecode.c.objc; path = InfoViewController.m; sourceTree = "<group>"; };
		76F0E08018E9A8440087FFA5 /* UIImage+ProportionalFill.h */ = {isa = PBXFileReference; fileEncoding = 4; lastKnownFileType = sourcecode.c.h; path = "UIImage+ProportionalFill.h"; sourceTree = "<group>"; };
		76F0E08118E9A8440087FFA5 /* UIImage+ProportionalFill.m */ = {isa = PBXFileReference; fileEncoding = 4; lastKnownFileType = sourcecode.c.objc; path = "UIImage+ProportionalFill.m"; sourceTree = "<group>"; };
/* End PBXFileReference section */

/* Begin PBXFrameworksBuildPhase section */
		769C1B19182DEEEC0025E1CB /* Frameworks */ = {
			isa = PBXFrameworksBuildPhase;
			buildActionMask = 2147483647;
			files = (
				76EAE9FF19013D2500E8CBEF /* MapKit.framework in Frameworks */,
				76B613D618F19556001D8592 /* CoreGraphics.framework in Frameworks */,
				769C1B20182DEEEC0025E1CB /* Foundation.framework in Frameworks */,
				769C1B24182DEEEC0025E1CB /* UIKit.framework in Frameworks */,
			);
			runOnlyForDeploymentPostprocessing = 0;
		};
		769C1B34182DEEEC0025E1CB /* Frameworks */ = {
			isa = PBXFrameworksBuildPhase;
			buildActionMask = 2147483647;
			files = (
				76B613D718F1955B001D8592 /* CoreGraphics.framework in Frameworks */,
				769C1B3B182DEEEC0025E1CB /* UIKit.framework in Frameworks */,
				769C1B3A182DEEEC0025E1CB /* Foundation.framework in Frameworks */,
			);
			runOnlyForDeploymentPostprocessing = 0;
		};
/* End PBXFrameworksBuildPhase section */

/* Begin PBXGroup section */
		7610D76318FA4C170089912C /* Fonts */ = {
			isa = PBXGroup;
			children = (
				7610D75B18FA4C090089912C /* BebasNeue_Book.otf */,
				76EAEA0C1902899500E8CBEF /* BebasNeue Bold.otf */,
				7610D75C18FA4C090089912C /* BebasNeue_Light.otf */,
				7610D75D18FA4C090089912C /* BebasNeue_Regular.otf */,
				7610D75E18FA4C090089912C /* BebasNeue_Thin.otf */,
			);
			name = Fonts;
			sourceTree = "<group>";
		};
		7620935A18EC320300C45787 /* Subclasses */ = {
			isa = PBXGroup;
			children = (
				7620935718EC31F100C45787 /* UICustomLabel.h */,
				7620935818EC31F100C45787 /* UICustomLabel.m */,
			);
			name = Subclasses;
			sourceTree = "<group>";
		};
		7620935E18EC376500C45787 /* Supporting Classes */ = {
			isa = PBXGroup;
			children = (
				7620935B18EC375300C45787 /* NewsStory.h */,
				7620935C18EC375300C45787 /* NewsStory.m */,
				7610D76418FA8B470089912C /* RSSFeed.h */,
				7610D76518FA8B470089912C /* RSSFeed.m */,
			);
			name = "Supporting Classes";
			sourceTree = "<group>";
		};
		7634A8C218E7926A006D5180 /* News */ = {
			isa = PBXGroup;
			children = (
				7620935A18EC320300C45787 /* Subclasses */,
				7620935E18EC376500C45787 /* Supporting Classes */,
				76089CD818E27A46004FC1AB /* NewsViewController.h */,
				76089CD918E27A46004FC1AB /* NewsViewController.m */,
				76AD05D818E7F761005AB008 /* ArticleCell.h */,
				76AD05D918E7F761005AB008 /* ArticleCell.m */,
				7634A8C318E792C8006D5180 /* ArticleViewController.h */,
				7634A8C418E792C8006D5180 /* ArticleViewController.m */,
			);
			name = News;
			sourceTree = "<group>";
		};
		7634A8C618E7BAE3006D5180 /* Events */ = {
			isa = PBXGroup;
			children = (
				76A930E818F2CC0000110F74 /* Supporting classes */,
				76F0E07818E98FA10087FFA5 /* EventsFeedViewController.h */,
				76F0E07918E98FA10087FFA5 /* EventsFeedViewController.m */,
				765B2C3718F41AB1007792FF /* DetailsOfEventViewController.h */,
				765B2C3818F41AB1007792FF /* DetailsOfEventViewController.m */,
			);
			name = Events;
			sourceTree = "<group>";
		};
		7634A8C718E7BAF8006D5180 /* Deals */ = {
			isa = PBXGroup;
			children = (
				76CD201B1909D85000B37925 /* BookingViewController.h */,
				76CD201C1909D85000B37925 /* BookingViewController.m */,
				76B613D218EFF454001D8592 /* Helper Classes */,
				76B613CF18EFF317001D8592 /* DealsViewController.h */,
				76B613D018EFF317001D8592 /* DealsViewController.m */,
				76EAEA091902466600E8CBEF /* DealDetailsViewController.h */,
				76EAEA0A1902466600E8CBEF /* DealDetailsViewController.m */,
			);
			name = Deals;
			sourceTree = "<group>";
		};
		7634A8C918E7BCA2006D5180 /* Vendors */ = {
			isa = PBXGroup;
			children = (
				76F0E08018E9A8440087FFA5 /* UIImage+ProportionalFill.h */,
				76F0E08118E9A8440087FFA5 /* UIImage+ProportionalFill.m */,
				76AD05E318E8256E005AB008 /* SDWebImage */,
				76AD05DF18E820D9005AB008 /* MWFeedParser */,
				76AD05DE18E820CE005AB008 /* TBXML */,
			);
			name = Vendors;
			sourceTree = "<group>";
		};
		769C1B13182DEEEC0025E1CB = {
			isa = PBXGroup;
			children = (
				76089CD618E27189004FC1AB /* MainStoryboard.storyboard */,
				7634A8C218E7926A006D5180 /* News */,
				7634A8C618E7BAE3006D5180 /* Events */,
				7634A8C718E7BAF8006D5180 /* Deals */,
				76F0E07B18E9903F0087FFA5 /* Info */,
				7634A8C918E7BCA2006D5180 /* Vendors */,
				769C1B25182DEEEC0025E1CB /* St Kilda App */,
				769C1B3E182DEEEC0025E1CB /* St Kilda AppTests */,
				769C1B1E182DEEEC0025E1CB /* Frameworks */,
				769C1B1D182DEEEC0025E1CB /* Products */,
				7610D76318FA4C170089912C /* Fonts */,
			);
			sourceTree = "<group>";
		};
		769C1B1D182DEEEC0025E1CB /* Products */ = {
			isa = PBXGroup;
			children = (
				769C1B1C182DEEEC0025E1CB /* St Kilda.app */,
				769C1B37182DEEEC0025E1CB /* St KildaTests.xctest */,
			);
			name = Products;
			sourceTree = "<group>";
		};
		769C1B1E182DEEEC0025E1CB /* Frameworks */ = {
			isa = PBXGroup;
			children = (
				76EAE9FE19013D2500E8CBEF /* MapKit.framework */,
				769C1B1F182DEEEC0025E1CB /* Foundation.framework */,
				769C1B21182DEEEC0025E1CB /* CoreGraphics.framework */,
				769C1B23182DEEEC0025E1CB /* UIKit.framework */,
			);
			name = Frameworks;
			sourceTree = "<group>";
		};
		769C1B25182DEEEC0025E1CB /* St Kilda App */ = {
			isa = PBXGroup;
			children = (
				769C1B2E182DEEEC0025E1CB /* AppDelegate.h */,
				769C1B2F182DEEEC0025E1CB /* AppDelegate.m */,
				769C1B31182DEEEC0025E1CB /* Images.xcassets */,
				769C1B26182DEEEC0025E1CB /* Supporting Files */,
			);
			path = "St Kilda App";
			sourceTree = "<group>";
		};
		769C1B26182DEEEC0025E1CB /* Supporting Files */ = {
			isa = PBXGroup;
			children = (
				769C1B27182DEEEC0025E1CB /* St Kilda-Info.plist */,
				769C1B28182DEEEC0025E1CB /* InfoPlist.strings */,
				769C1B2B182DEEEC0025E1CB /* main.m */,
				769C1B2D182DEEEC0025E1CB /* St Kilda-Prefix.pch */,
			);
			name = "Supporting Files";
			sourceTree = "<group>";
		};
		769C1B3E182DEEEC0025E1CB /* St Kilda AppTests */ = {
			isa = PBXGroup;
			children = (
				769C1B44182DEEEC0025E1CB /* St_Kilda_AppTests.m */,
				769C1B3F182DEEEC0025E1CB /* Supporting Files */,
			);
			path = "St Kilda AppTests";
			sourceTree = "<group>";
		};
		769C1B3F182DEEEC0025E1CB /* Supporting Files */ = {
			isa = PBXGroup;
			children = (
				769C1B40182DEEEC0025E1CB /* St KildaTests-Info.plist */,
				769C1B41182DEEEC0025E1CB /* InfoPlist.strings */,
			);
			name = "Supporting Files";
			sourceTree = "<group>";
		};
		76A930E818F2CC0000110F74 /* Supporting classes */ = {
			isa = PBXGroup;
			children = (
				76CB8E4418F2E24800B0BD05 /* Event.h */,
				76CB8E4518F2E24800B0BD05 /* Event.m */,
				76A930E518F2CBF400110F74 /* EventsHeaderView.h */,
				76A930E618F2CBF400110F74 /* EventsHeaderView.m */,
			);
			name = "Supporting classes";
			sourceTree = "<group>";
		};
		76AD05DE18E820CE005AB008 /* TBXML */ = {
			isa = PBXGroup;
			children = (
				7634A8C818E7BC4C006D5180 /* TBXML.h */,
				7634A8CA18E7BCC2006D5180 /* TBXML.m */,
			);
			name = TBXML;
			sourceTree = "<group>";
		};
		76AD05DF18E820D9005AB008 /* MWFeedParser */ = {
			isa = PBXGroup;
			children = (
				76AD05DB18E820C6005AB008 /* NSString+HTML.h */,
				76AD05DC18E820C6005AB008 /* NSString+HTML.m */,
				76AD05E018E821E0005AB008 /* GTMNSString+HTML.h */,
				76AD05E118E821E0005AB008 /* GTMNSString+HTML.m */,
			);
			name = MWFeedParser;
			sourceTree = "<group>";
		};
		76AD05E318E8256E005AB008 /* SDWebImage */ = {
			isa = PBXGroup;
			children = (
				76AD05E418E825BA005AB008 /* UIImageView+WebCache.h */,
				76AD05E518E825BA005AB008 /* UIImageView+WebCache.m */,
				76AD05E718E82603005AB008 /* MKAnnotationView+WebCache.h */,
				76AD05E818E82603005AB008 /* MKAnnotationView+WebCache.m */,
				76AD05E918E82604005AB008 /* NSData+ImageContentType.h */,
				76AD05EA18E82604005AB008 /* NSData+ImageContentType.m */,
				76AD05EB18E82604005AB008 /* SDImageCache.h */,
				76AD05EC18E82604005AB008 /* SDImageCache.m */,
				76AD05ED18E82604005AB008 /* SDWebImageCompat.h */,
				76AD05EE18E82604005AB008 /* SDWebImageCompat.m */,
				76AD05EF18E82604005AB008 /* SDWebImageDecoder.h */,
				76AD05F018E82604005AB008 /* SDWebImageDecoder.m */,
				76AD05F118E82604005AB008 /* SDWebImageDownloader.h */,
				76AD05F218E82604005AB008 /* SDWebImageDownloader.m */,
				76AD05F318E82604005AB008 /* SDWebImageDownloaderOperation.h */,
				76AD05F418E82604005AB008 /* SDWebImageDownloaderOperation.m */,
				76AD05F518E82604005AB008 /* SDWebImageManager.h */,
				76AD05F618E82604005AB008 /* SDWebImageManager.m */,
				76AD05F718E82604005AB008 /* SDWebImageOperation.h */,
				76AD05F818E82604005AB008 /* SDWebImagePrefetcher.h */,
				76AD05F918E82604005AB008 /* SDWebImagePrefetcher.m */,
				76AD05FA18E82604005AB008 /* UIButton+WebCache.h */,
				76AD05FB18E82604005AB008 /* UIButton+WebCache.m */,
				76AD05FC18E82604005AB008 /* UIImage+GIF.h */,
				76AD05FD18E82604005AB008 /* UIImage+GIF.m */,
				76AD05FE18E82604005AB008 /* UIImage+MultiFormat.h */,
				76AD05FF18E82604005AB008 /* UIImage+MultiFormat.m */,
				76AD060018E82604005AB008 /* UIImage+WebP.h */,
				76AD060118E82604005AB008 /* UIImage+WebP.m */,
			);
			name = SDWebImage;
			sourceTree = "<group>";
		};
		76B613D218EFF454001D8592 /* Helper Classes */ = {
			isa = PBXGroup;
			children = (
				76EAEA0619023C4800E8CBEF /* DealCell.h */,
				76EAEA0719023C4800E8CBEF /* DealCell.m */,
				76EAEA001902379000E8CBEF /* Deals.h */,
				76EAEA011902379000E8CBEF /* Deals.m */,
			);
			name = "Helper Classes";
			sourceTree = "<group>";
		};
		76F0E07B18E9903F0087FFA5 /* Info */ = {
			isa = PBXGroup;
			children = (
				76F0E07C18E990690087FFA5 /* InfoViewController.h */,
				76F0E07D18E990690087FFA5 /* InfoViewController.m */,
				763E2AC71908116E00754EF3 /* SocialWebViewController.h */,
				763E2AC81908116E00754EF3 /* SocialWebViewController.m */,
			);
			name = Info;
			sourceTree = "<group>";
		};
/* End PBXGroup section */

/* Begin PBXNativeTarget section */
		769C1B1B182DEEEC0025E1CB /* St Kilda */ = {
			isa = PBXNativeTarget;
			buildConfigurationList = 769C1B48182DEEEC0025E1CB /* Build configuration list for PBXNativeTarget "St Kilda" */;
			buildPhases = (
				769C1B18182DEEEC0025E1CB /* Sources */,
				769C1B19182DEEEC0025E1CB /* Frameworks */,
				769C1B1A182DEEEC0025E1CB /* Resources */,
			);
			buildRules = (
			);
			dependencies = (
			);
			name = "St Kilda";
			productName = "St Kilda App";
			productReference = 769C1B1C182DEEEC0025E1CB /* St Kilda.app */;
			productType = "com.apple.product-type.application";
		};
		769C1B36182DEEEC0025E1CB /* St KildaTests */ = {
			isa = PBXNativeTarget;
			buildConfigurationList = 769C1B4B182DEEEC0025E1CB /* Build configuration list for PBXNativeTarget "St KildaTests" */;
			buildPhases = (
				769C1B33182DEEEC0025E1CB /* Sources */,
				769C1B34182DEEEC0025E1CB /* Frameworks */,
				769C1B35182DEEEC0025E1CB /* Resources */,
			);
			buildRules = (
			);
			dependencies = (
				769C1B3D182DEEEC0025E1CB /* PBXTargetDependency */,
			);
			name = "St KildaTests";
			productName = "St Kilda AppTests";
			productReference = 769C1B37182DEEEC0025E1CB /* St KildaTests.xctest */;
			productType = "com.apple.product-type.bundle.unit-test";
		};
/* End PBXNativeTarget section */

/* Begin PBXProject section */
		769C1B14182DEEEC0025E1CB /* Project object */ = {
			isa = PBXProject;
			attributes = {
				LastUpgradeCheck = 0600;
				ORGANIZATIONNAME = Okeito;
				TargetAttributes = {
					769C1B1B182DEEEC0025E1CB = {
						DevelopmentTeam = 59DLK5MF7X;
					};
					769C1B36182DEEEC0025E1CB = {
						TestTargetID = 769C1B1B182DEEEC0025E1CB;
					};
				};
			};
			buildConfigurationList = 769C1B17182DEEEC0025E1CB /* Build configuration list for PBXProject "St Kilda" */;
			compatibilityVersion = "Xcode 3.2";
			developmentRegion = English;
			hasScannedForEncodings = 0;
			knownRegions = (
				en,
			);
			mainGroup = 769C1B13182DEEEC0025E1CB;
			productRefGroup = 769C1B1D182DEEEC0025E1CB /* Products */;
			projectDirPath = "";
			projectRoot = "";
			targets = (
				769C1B1B182DEEEC0025E1CB /* St Kilda */,
				769C1B36182DEEEC0025E1CB /* St KildaTests */,
			);
		};
/* End PBXProject section */

/* Begin PBXResourcesBuildPhase section */
		769C1B1A182DEEEC0025E1CB /* Resources */ = {
			isa = PBXResourcesBuildPhase;
			buildActionMask = 2147483647;
			files = (
				76089CD718E27189004FC1AB /* MainStoryboard.storyboard in Resources */,
				7610D76018FA4C090089912C /* BebasNeue_Light.otf in Resources */,
				7610D76118FA4C090089912C /* BebasNeue_Regular.otf in Resources */,
				7610D76218FA4C090089912C /* BebasNeue_Thin.otf in Resources */,
				76EAEA0D1902899500E8CBEF /* BebasNeue Bold.otf in Resources */,
				769C1B2A182DEEEC0025E1CB /* InfoPlist.strings in Resources */,
				7610D75F18FA4C090089912C /* BebasNeue_Book.otf in Resources */,
				769C1B32182DEEEC0025E1CB /* Images.xcassets in Resources */,
			);
			runOnlyForDeploymentPostprocessing = 0;
		};
		769C1B35182DEEEC0025E1CB /* Resources */ = {
			isa = PBXResourcesBuildPhase;
			buildActionMask = 2147483647;
			files = (
				769C1B43182DEEEC0025E1CB /* InfoPlist.strings in Resources */,
			);
			runOnlyForDeploymentPostprocessing = 0;
		};
/* End PBXResourcesBuildPhase section */

/* Begin PBXSourcesBuildPhase section */
		769C1B18182DEEEC0025E1CB /* Sources */ = {
			isa = PBXSourcesBuildPhase;
			buildActionMask = 2147483647;
			files = (
				76AD060618E82604005AB008 /* SDWebImageDecoder.m in Sources */,
				76089CDA18E27A46004FC1AB /* NewsViewController.m in Sources */,
				76AD060818E82604005AB008 /* SDWebImageDownloaderOperation.m in Sources */,
				76EAEA021902379000E8CBEF /* Deals.m in Sources */,
				76AD060918E82604005AB008 /* SDWebImageManager.m in Sources */,
				76EAEA0819023C4800E8CBEF /* DealCell.m in Sources */,
				76EAEA0B1902466600E8CBEF /* DealDetailsViewController.m in Sources */,
				76B613D118EFF317001D8592 /* DealsViewController.m in Sources */,
				763E2AC91908116E00754EF3 /* SocialWebViewController.m in Sources */,
				7634A8C518E792C8006D5180 /* ArticleViewController.m in Sources */,
				76F0E08218E9A8440087FFA5 /* UIImage+ProportionalFill.m in Sources */,
				76AD05DA18E7F761005AB008 /* ArticleCell.m in Sources */,
				76CD201D1909D85000B37925 /* BookingViewController.m in Sources */,
				76AD060718E82604005AB008 /* SDWebImageDownloader.m in Sources */,
				76AD060218E82604005AB008 /* MKAnnotationView+WebCache.m in Sources */,
				76AD060518E82604005AB008 /* SDWebImageCompat.m in Sources */,
				76AD060A18E82604005AB008 /* SDWebImagePrefetcher.m in Sources */,
				76CB8E4618F2E24800B0BD05 /* Event.m in Sources */,
				76AD060D18E82604005AB008 /* UIImage+MultiFormat.m in Sources */,
				76AD05DD18E820C6005AB008 /* NSString+HTML.m in Sources */,
				7620935D18EC375300C45787 /* NewsStory.m in Sources */,
				7610D76618FA8B470089912C /* RSSFeed.m in Sources */,
				769C1B30182DEEEC0025E1CB /* AppDelegate.m in Sources */,
				76AD060B18E82604005AB008 /* UIButton+WebCache.m in Sources */,
				76AD05E618E825BA005AB008 /* UIImageView+WebCache.m in Sources */,
				76F0E07A18E98FA10087FFA5 /* EventsFeedViewController.m in Sources */,
				76AD060418E82604005AB008 /* SDImageCache.m in Sources */,
				76F0E07E18E990690087FFA5 /* InfoViewController.m in Sources */,
				76AD05E218E821E0005AB008 /* GTMNSString+HTML.m in Sources */,
				7634A8CB18E7BCC2006D5180 /* TBXML.m in Sources */,
				769C1B2C182DEEEC0025E1CB /* main.m in Sources */,
				76AD060C18E82604005AB008 /* UIImage+GIF.m in Sources */,
				76AD060318E82604005AB008 /* NSData+ImageContentType.m in Sources */,
				76A930E718F2CBF400110F74 /* EventsHeaderView.m in Sources */,
				76AD060E18E82604005AB008 /* UIImage+WebP.m in Sources */,
				765B2C3918F41AB1007792FF /* DetailsOfEventViewController.m in Sources */,
				7620935918EC31F100C45787 /* UICustomLabel.m in Sources */,
			);
			runOnlyForDeploymentPostprocessing = 0;
		};
		769C1B33182DEEEC0025E1CB /* Sources */ = {
			isa = PBXSourcesBuildPhase;
			buildActionMask = 2147483647;
			files = (
				769C1B45182DEEEC0025E1CB /* St_Kilda_AppTests.m in Sources */,
			);
			runOnlyForDeploymentPostprocessing = 0;
		};
/* End PBXSourcesBuildPhase section */

/* Begin PBXTargetDependency section */
		769C1B3D182DEEEC0025E1CB /* PBXTargetDependency */ = {
			isa = PBXTargetDependency;
			target = 769C1B1B182DEEEC0025E1CB /* St Kilda */;
			targetProxy = 769C1B3C182DEEEC0025E1CB /* PBXContainerItemProxy */;
		};
/* End PBXTargetDependency section */

/* Begin PBXVariantGroup section */
		769C1B28182DEEEC0025E1CB /* InfoPlist.strings */ = {
			isa = PBXVariantGroup;
			children = (
				769C1B29182DEEEC0025E1CB /* en */,
			);
			name = InfoPlist.strings;
			sourceTree = "<group>";
		};
		769C1B41182DEEEC0025E1CB /* InfoPlist.strings */ = {
			isa = PBXVariantGroup;
			children = (
				769C1B42182DEEEC0025E1CB /* en */,
			);
			name = InfoPlist.strings;
			sourceTree = "<group>";
		};
/* End PBXVariantGroup section */

/* Begin XCBuildConfiguration section */
		769C1B46182DEEEC0025E1CB /* Debug */ = {
			isa = XCBuildConfiguration;
			buildSettings = {
				ALWAYS_SEARCH_USER_PATHS = NO;
				CLANG_CXX_LANGUAGE_STANDARD = "gnu++0x";
				CLANG_CXX_LIBRARY = "libc++";
				CLANG_ENABLE_MODULES = YES;
				CLANG_ENABLE_OBJC_ARC = YES;
				CLANG_WARN_BOOL_CONVERSION = YES;
				CLANG_WARN_CONSTANT_CONVERSION = YES;
				CLANG_WARN_DIRECT_OBJC_ISA_USAGE = YES_ERROR;
				CLANG_WARN_EMPTY_BODY = YES;
				CLANG_WARN_ENUM_CONVERSION = YES;
				CLANG_WARN_INT_CONVERSION = YES;
				CLANG_WARN_OBJC_ROOT_CLASS = YES_ERROR;
				CLANG_WARN__DUPLICATE_METHOD_MATCH = YES;
				"CODE_SIGN_IDENTITY[sdk=iphoneos*]" = "iPhone Developer";
				COPY_PHASE_STRIP = NO;
				GCC_C_LANGUAGE_STANDARD = gnu99;
				GCC_DYNAMIC_NO_PIC = NO;
				GCC_OPTIMIZATION_LEVEL = 0;
				GCC_PREPROCESSOR_DEFINITIONS = (
					"DEBUG=1",
					"$(inherited)",
				);
				GCC_SYMBOLS_PRIVATE_EXTERN = NO;
				GCC_WARN_64_TO_32_BIT_CONVERSION = YES;
				GCC_WARN_ABOUT_RETURN_TYPE = YES_ERROR;
				GCC_WARN_UNDECLARED_SELECTOR = YES;
				GCC_WARN_UNINITIALIZED_AUTOS = YES;
				GCC_WARN_UNUSED_FUNCTION = YES;
				GCC_WARN_UNUSED_VARIABLE = YES;
				IPHONEOS_DEPLOYMENT_TARGET = 7.0;
				ONLY_ACTIVE_ARCH = NO;
				SDKROOT = iphoneos;
			};
			name = Debug;
		};
		769C1B47182DEEEC0025E1CB /* Release */ = {
			isa = XCBuildConfiguration;
			buildSettings = {
				ALWAYS_SEARCH_USER_PATHS = NO;
				CLANG_CXX_LANGUAGE_STANDARD = "gnu++0x";
				CLANG_CXX_LIBRARY = "libc++";
				CLANG_ENABLE_MODULES = YES;
				CLANG_ENABLE_OBJC_ARC = YES;
				CLANG_WARN_BOOL_CONVERSION = YES;
				CLANG_WARN_CONSTANT_CONVERSION = YES;
				CLANG_WARN_DIRECT_OBJC_ISA_USAGE = YES_ERROR;
				CLANG_WARN_EMPTY_BODY = YES;
				CLANG_WARN_ENUM_CONVERSION = YES;
				CLANG_WARN_INT_CONVERSION = YES;
				CLANG_WARN_OBJC_ROOT_CLASS = YES_ERROR;
				CLANG_WARN__DUPLICATE_METHOD_MATCH = YES;
				"CODE_SIGN_IDENTITY[sdk=iphoneos*]" = "iPhone Developer";
				COPY_PHASE_STRIP = YES;
				ENABLE_NS_ASSERTIONS = NO;
				GCC_C_LANGUAGE_STANDARD = gnu99;
				GCC_WARN_64_TO_32_BIT_CONVERSION = YES;
				GCC_WARN_ABOUT_RETURN_TYPE = YES_ERROR;
				GCC_WARN_UNDECLARED_SELECTOR = YES;
				GCC_WARN_UNINITIALIZED_AUTOS = YES;
				GCC_WARN_UNUSED_FUNCTION = YES;
				GCC_WARN_UNUSED_VARIABLE = YES;
				IPHONEOS_DEPLOYMENT_TARGET = 7.0;
				ONLY_ACTIVE_ARCH = NO;
				SDKROOT = iphoneos;
				VALIDATE_PRODUCT = YES;
			};
			name = Release;
		};
		769C1B49182DEEEC0025E1CB /* Debug */ = {
			isa = XCBuildConfiguration;
			buildSettings = {
				ASSETCATALOG_COMPILER_APPICON_NAME = AppIcon;
				ASSETCATALOG_COMPILER_LAUNCHIMAGE_NAME = LaunchImage;
				CODE_SIGN_IDENTITY = "iPhone Developer";
				"CODE_SIGN_IDENTITY[sdk=iphoneos*]" = "iPhone Developer";
				FRAMEWORK_SEARCH_PATHS = (
					"$(inherited)",
					"$(DEVELOPER_FRAMEWORKS_DIR)",
				);
				GCC_PRECOMPILE_PREFIX_HEADER = YES;
				GCC_PREFIX_HEADER = "St Kilda App/St Kilda-Prefix.pch";
				INFOPLIST_FILE = "St Kilda App/St Kilda-Info.plist";
				PRODUCT_NAME = "St Kilda";
				PROVISIONING_PROFILE = "";
				VALID_ARCHS = "armv7 armv7s";
				WRAPPER_EXTENSION = app;
			};
			name = Debug;
		};
		769C1B4A182DEEEC0025E1CB /* Release */ = {
			isa = XCBuildConfiguration;
			buildSettings = {
				ASSETCATALOG_COMPILER_APPICON_NAME = AppIcon;
				ASSETCATALOG_COMPILER_LAUNCHIMAGE_NAME = LaunchImage;
				CODE_SIGN_IDENTITY = "iPhone Developer";
				"CODE_SIGN_IDENTITY[sdk=iphoneos*]" = "iPhone Developer";
				FRAMEWORK_SEARCH_PATHS = (
					"$(inherited)",
					"$(DEVELOPER_FRAMEWORKS_DIR)",
				);
				GCC_PRECOMPILE_PREFIX_HEADER = YES;
				GCC_PREFIX_HEADER = "St Kilda App/St Kilda-Prefix.pch";
				INFOPLIST_FILE = "St Kilda App/St Kilda-Info.plist";
				PRODUCT_NAME = "St Kilda";
				PROVISIONING_PROFILE = "";
				VALID_ARCHS = "armv7 armv7s";
				WRAPPER_EXTENSION = app;
			};
			name = Release;
		};
		769C1B4C182DEEEC0025E1CB /* Debug */ = {
			isa = XCBuildConfiguration;
			buildSettings = {
				BUNDLE_LOADER = "$(BUILT_PRODUCTS_DIR)/St Kilda App.app/St Kilda App";
				FRAMEWORK_SEARCH_PATHS = (
					"$(SDKROOT)/Developer/Library/Frameworks",
					"$(inherited)",
					"$(DEVELOPER_FRAMEWORKS_DIR)",
				);
				GCC_PRECOMPILE_PREFIX_HEADER = YES;
				GCC_PREFIX_HEADER = "St Kilda App/St Kilda App-Prefix.pch";
				GCC_PREPROCESSOR_DEFINITIONS = (
					"DEBUG=1",
					"$(inherited)",
				);
				INFOPLIST_FILE = "St Kilda AppTests/St KildaTests-Info.plist";
				PRODUCT_NAME = "St KildaTests";
				TEST_HOST = "$(BUNDLE_LOADER)";
				WRAPPER_EXTENSION = xctest;
			};
			name = Debug;
		};
		769C1B4D182DEEEC0025E1CB /* Release */ = {
			isa = XCBuildConfiguration;
			buildSettings = {
				BUNDLE_LOADER = "$(BUILT_PRODUCTS_DIR)/St Kilda App.app/St Kilda App";
				FRAMEWORK_SEARCH_PATHS = (
					"$(SDKROOT)/Developer/Library/Frameworks",
					"$(inherited)",
					"$(DEVELOPER_FRAMEWORKS_DIR)",
				);
				GCC_PRECOMPILE_PREFIX_HEADER = YES;
				GCC_PREFIX_HEADER = "St Kilda App/St Kilda App-Prefix.pch";
				INFOPLIST_FILE = "St Kilda AppTests/St KildaTests-Info.plist";
				PRODUCT_NAME = "St KildaTests";
				TEST_HOST = "$(BUNDLE_LOADER)";
				WRAPPER_EXTENSION = xctest;
			};
			name = Release;
		};
/* End XCBuildConfiguration section */

/* Begin XCConfigurationList section */
		769C1B17182DEEEC0025E1CB /* Build configuration list for PBXProject "St Kilda" */ = {
			isa = XCConfigurationList;
			buildConfigurations = (
				769C1B46182DEEEC0025E1CB /* Debug */,
				769C1B47182DEEEC0025E1CB /* Release */,
			);
			defaultConfigurationIsVisible = 0;
			defaultConfigurationName = Release;
		};
		769C1B48182DEEEC0025E1CB /* Build configuration list for PBXNativeTarget "St Kilda" */ = {
			isa = XCConfigurationList;
			buildConfigurations = (
				769C1B49182DEEEC0025E1CB /* Debug */,
				769C1B4A182DEEEC0025E1CB /* Release */,
			);
			defaultConfigurationIsVisible = 0;
			defaultConfigurationName = Release;
		};
		769C1B4B182DEEEC0025E1CB /* Build configuration list for PBXNativeTarget "St KildaTests" */ = {
			isa = XCConfigurationList;
			buildConfigurations = (
				769C1B4C182DEEEC0025E1CB /* Debug */,
				769C1B4D182DEEEC0025E1CB /* Release */,
			);
			defaultConfigurationIsVisible = 0;
			defaultConfigurationName = Release;
		};
/* End XCConfigurationList section */
	};
	rootObject = 769C1B14182DEEEC0025E1CB /* Project object */;
}
